
Microsoft Visual Studio Solution File, Format Version 12.00
# Visual Studio Version 17
VisualStudioVersion = 17.2.32602.215
MinimumVisualStudioVersion = 10.0.40219.1
Project("{FAE04EC0-301F-11D3-BF4B-00C04F79EFBC}") = "Economic", "Economic\Economic.csproj", "{324697FC-840A-47C2-BD63-32C01A7776F6}"
EndProject
Project("{FAE04EC0-301F-11D3-BF4B-00C04F79EFBC}") = "Economi.Api", "Economi.Api\Economi.Api.csproj", "{3B4051CE-4801-4549-A85E-3640FFCBED39}"
EndProject
Global
	GlobalSection(SolutionConfigurationPlatforms) = preSolution
		Debug|Any CPU = Debug|Any CPU
		Release|Any CPU = Release|Any CPU
	EndGlobalSection
	GlobalSection(ProjectConfigurationPlatforms) = postSolution
		{324697FC-840A-47C2-BD63-32C01A7776F6}.Debug|Any CPU.ActiveCfg = Debug|Any CPU
		{324697FC-840A-47C2-BD63-32C01A7776F6}.Debug|Any CPU.Build.0 = Debug|Any CPU
		{324697FC-840A-47C2-BD63-32C01A7776F6}.Release|Any CPU.ActiveCfg = Release|Any CPU
		{324697FC-840A-47C2-BD63-32C01A7776F6}.Release|Any CPU.Build.0 = Release|Any CPU
		{3B4051CE-4801-4549-A85E-3640FFCBED39}.Debug|Any CPU.ActiveCfg = Debug|Any CPU
		{3B4051CE-4801-4549-A85E-3640FFCBED39}.Debug|Any CPU.Build.0 = Debug|Any CPU
		{3B4051CE-4801-4549-A85E-3640FFCBED39}.Release|Any CPU.ActiveCfg = Release|Any CPU
		{3B4051CE-4801-4549-A85E-3640FFCBED39}.Release|Any CPU.Build.0 = Release|Any CPU
	EndGlobalSection
	GlobalSection(SolutionProperties) = preSolution
		HideSolutionNode = FALSE
	EndGlobalSection
	GlobalSection(ExtensibilityGlobals) = postSolution
		SolutionGuid = {2F9E87DF-8EFC-4A92-9CB8-D75989AEF73F}
	EndGlobalSection
EndGlobal
