
Microsoft Visual Studio Solution File, Format Version 12.00
# Visual Studio Version 17
VisualStudioVersion = 17.2.32602.215
MinimumVisualStudioVersion = 10.0.40219.1
Project("{9A19103F-16F7-4668-BE54-9A1E7A4F7556}") = "Economic.Data", "Economic.Data\Economic.Data.csproj", "{C33741E9-D017-40F0-9407-6E6ABE41A222}"
EndProject
Project("{9A19103F-16F7-4668-BE54-9A1E7A4F7556}") = "Economic.Api", "Economic.Api\Economic.Api.csproj", "{4B0CF100-70DC-42F0-B4E1-8DAE998556BA}"
EndProject
Project("{9A19103F-16F7-4668-BE54-9A1E7A4F7556}") = "Economic.Application", "Economic.Application\Economic.Application.csproj", "{E25CEC9B-5F57-4C40-BC15-A0823FE94F0A}"
EndProject
Project("{9A19103F-16F7-4668-BE54-9A1E7A4F7556}") = "Economic.Utilities", "Economic.Utilities\Economic.Utilities.csproj", "{1878CAC3-B038-4147-9E68-F9C118F86D18}"
EndProject
Project("{9A19103F-16F7-4668-BE54-9A1E7A4F7556}") = "Economic.ViewModels", "Economic.ViewModels\Economic.ViewModels.csproj", "{9B821CDA-AC91-48F9-9256-D3331C73F0DC}"
EndProject
Project("{9A19103F-16F7-4668-BE54-9A1E7A4F7556}") = "Economic.RazorPage", "Economic.RazorPage\Economic.RazorPage.csproj", "{493EFFC3-8DA5-42EC-9F5D-B48DC61B23E6}"
EndProject
Project("{9A19103F-16F7-4668-BE54-9A1E7A4F7556}") = "Economic.UnitTest", "Economic.UnitTest\Economic.UnitTest.csproj", "{7BD7B572-0F64-40F5-B770-E27D17D659F7}"
EndProject
Global
	GlobalSection(SolutionConfigurationPlatforms) = preSolution
		Debug|Any CPU = Debug|Any CPU
		Release|Any CPU = Release|Any CPU
	EndGlobalSection
	GlobalSection(ProjectConfigurationPlatforms) = postSolution
		{C33741E9-D017-40F0-9407-6E6ABE41A222}.Debug|Any CPU.ActiveCfg = Debug|Any CPU
		{C33741E9-D017-40F0-9407-6E6ABE41A222}.Debug|Any CPU.Build.0 = Debug|Any CPU
		{C33741E9-D017-40F0-9407-6E6ABE41A222}.Release|Any CPU.ActiveCfg = Release|Any CPU
		{C33741E9-D017-40F0-9407-6E6ABE41A222}.Release|Any CPU.Build.0 = Release|Any CPU
		{4B0CF100-70DC-42F0-B4E1-8DAE998556BA}.Debug|Any CPU.ActiveCfg = Debug|Any CPU
		{4B0CF100-70DC-42F0-B4E1-8DAE998556BA}.Debug|Any CPU.Build.0 = Debug|Any CPU
		{4B0CF100-70DC-42F0-B4E1-8DAE998556BA}.Release|Any CPU.ActiveCfg = Release|Any CPU
		{4B0CF100-70DC-42F0-B4E1-8DAE998556BA}.Release|Any CPU.Build.0 = Release|Any CPU
		{E25CEC9B-5F57-4C40-BC15-A0823FE94F0A}.Debug|Any CPU.ActiveCfg = Debug|Any CPU
		{E25CEC9B-5F57-4C40-BC15-A0823FE94F0A}.Debug|Any CPU.Build.0 = Debug|Any CPU
		{E25CEC9B-5F57-4C40-BC15-A0823FE94F0A}.Release|Any CPU.ActiveCfg = Release|Any CPU
		{E25CEC9B-5F57-4C40-BC15-A0823FE94F0A}.Release|Any CPU.Build.0 = Release|Any CPU
		{1878CAC3-B038-4147-9E68-F9C118F86D18}.Debug|Any CPU.ActiveCfg = Debug|Any CPU
		{1878CAC3-B038-4147-9E68-F9C118F86D18}.Debug|Any CPU.Build.0 = Debug|Any CPU
		{1878CAC3-B038-4147-9E68-F9C118F86D18}.Release|Any CPU.ActiveCfg = Release|Any CPU
		{1878CAC3-B038-4147-9E68-F9C118F86D18}.Release|Any CPU.Build.0 = Release|Any CPU
		{9B821CDA-AC91-48F9-9256-D3331C73F0DC}.Debug|Any CPU.ActiveCfg = Debug|Any CPU
		{9B821CDA-AC91-48F9-9256-D3331C73F0DC}.Debug|Any CPU.Build.0 = Debug|Any CPU
		{9B821CDA-AC91-48F9-9256-D3331C73F0DC}.Release|Any CPU.ActiveCfg = Release|Any CPU
		{9B821CDA-AC91-48F9-9256-D3331C73F0DC}.Release|Any CPU.Build.0 = Release|Any CPU
		{493EFFC3-8DA5-42EC-9F5D-B48DC61B23E6}.Debug|Any CPU.ActiveCfg = Debug|Any CPU
		{493EFFC3-8DA5-42EC-9F5D-B48DC61B23E6}.Debug|Any CPU.Build.0 = Debug|Any CPU
		{493EFFC3-8DA5-42EC-9F5D-B48DC61B23E6}.Release|Any CPU.ActiveCfg = Release|Any CPU
		{493EFFC3-8DA5-42EC-9F5D-B48DC61B23E6}.Release|Any CPU.Build.0 = Release|Any CPU
		{7BD7B572-0F64-40F5-B770-E27D17D659F7}.Debug|Any CPU.ActiveCfg = Debug|Any CPU
		{7BD7B572-0F64-40F5-B770-E27D17D659F7}.Debug|Any CPU.Build.0 = Debug|Any CPU
		{7BD7B572-0F64-40F5-B770-E27D17D659F7}.Release|Any CPU.ActiveCfg = Release|Any CPU
		{7BD7B572-0F64-40F5-B770-E27D17D659F7}.Release|Any CPU.Build.0 = Release|Any CPU
	EndGlobalSection
	GlobalSection(SolutionProperties) = preSolution
		HideSolutionNode = FALSE
	EndGlobalSection
	GlobalSection(ExtensibilityGlobals) = postSolution
		SolutionGuid = {2F9E87DF-8EFC-4A92-9CB8-D75989AEF73F}
	EndGlobalSection
EndGlobal
